
Microsoft Visual Studio Solution File, Format Version 12.00
# Visual Studio Version 16
VisualStudioVersion = 16.0.30225.117
MinimumVisualStudioVersion = 10.0.40219.1
Project("{FAE04EC0-301F-11D3-BF4B-00C04F79EFBC}") = "ConnectAzureDB2", "ConnectAzureDB2\ConnectAzureDB2.csproj", "{C72AD47D-CEE5-45BB-8ECD-2F40327C777A}"
EndProject
Global
	GlobalSection(SolutionConfigurationPlatforms) = preSolution
		Debug|Any CPU = Debug|Any CPU
		Release|Any CPU = Release|Any CPU
	EndGlobalSection
	GlobalSection(ProjectConfigurationPlatforms) = postSolution
		{C72AD47D-CEE5-45BB-8ECD-2F40327C777A}.Debug|Any CPU.ActiveCfg = Debug|Any CPU
		{C72AD47D-CEE5-45BB-8ECD-2F40327C777A}.Debug|Any CPU.Build.0 = Debug|Any CPU
		{C72AD47D-CEE5-45BB-8ECD-2F40327C777A}.Release|Any CPU.ActiveCfg = Release|Any CPU
		{C72AD47D-CEE5-45BB-8ECD-2F40327C777A}.Release|Any CPU.Build.0 = Release|Any CPU
	EndGlobalSection
	GlobalSection(SolutionProperties) = preSolution
		HideSolutionNode = FALSE
	EndGlobalSection
	GlobalSection(ExtensibilityGlobals) = postSolution
		SolutionGuid = {D73B2C9A-7C36-440D-8B3F-F18D7824F054}
	EndGlobalSection
EndGlobal
